// !$*UTF8*$!
{
	archiveVersion = 1;
	classes = {
	};
	objectVersion = 50;
	objects = {

/* Begin PBXBuildFile section */
		04276DD62115E33400978767 /* AppDelegate.swift in Sources */ = {isa = PBXBuildFile; fileRef = 04276DD52115E33400978767 /* AppDelegate.swift */; };
		04276DD82115E33400978767 /* ViewController.swift in Sources */ = {isa = PBXBuildFile; fileRef = 04276DD72115E33400978767 /* ViewController.swift */; };
		04276DDB2115E33400978767 /* Main.storyboard in Resources */ = {isa = PBXBuildFile; fileRef = 04276DD92115E33400978767 /* Main.storyboard */; };
		04276DDD2115E33C00978767 /* Assets.xcassets in Resources */ = {isa = PBXBuildFile; fileRef = 04276DDC2115E33C00978767 /* Assets.xcassets */; };
		04276DE02115E33C00978767 /* LaunchScreen.storyboard in Resources */ = {isa = PBXBuildFile; fileRef = 04276DDE2115E33C00978767 /* LaunchScreen.storyboard */; };
		04276DEB2115E33C00978767 /* uberriderTests.swift in Sources */ = {isa = PBXBuildFile; fileRef = 04276DEA2115E33C00978767 /* uberriderTests.swift */; };
		04276DF62115E33C00978767 /* uberriderUITests.swift in Sources */ = {isa = PBXBuildFile; fileRef = 04276DF52115E33C00978767 /* uberriderUITests.swift */; };
/* End PBXBuildFile section */

/* Begin PBXContainerItemProxy section */
		04276DE72115E33C00978767 /* PBXContainerItemProxy */ = {
			isa = PBXContainerItemProxy;
			containerPortal = 04276DCA2115E33300978767 /* Project object */;
			proxyType = 1;
			remoteGlobalIDString = 04276DD12115E33400978767;
			remoteInfo = uberrider;
		};
		04276DF22115E33C00978767 /* PBXContainerItemProxy */ = {
			isa = PBXContainerItemProxy;
			containerPortal = 04276DCA2115E33300978767 /* Project object */;
			proxyType = 1;
			remoteGlobalIDString = 04276DD12115E33400978767;
			remoteInfo = uberrider;
		};
/* End PBXContainerItemProxy section */

/* Begin PBXFileReference section */
		04276DD22115E33400978767 /* uberrider.app */ = {isa = PBXFileReference; explicitFileType = wrapper.application; includeInIndex = 0; path = uberrider.app; sourceTree = BUILT_PRODUCTS_DIR; };
		04276DD52115E33400978767 /* AppDelegate.swift */ = {isa = PBXFileReference; lastKnownFileType = sourcecode.swift; path = AppDelegate.swift; sourceTree = "<group>"; };
		04276DD72115E33400978767 /* ViewController.swift */ = {isa = PBXFileReference; lastKnownFileType = sourcecode.swift; path = ViewController.swift; sourceTree = "<group>"; };
		04276DDA2115E33400978767 /* Base */ = {isa = PBXFileReference; lastKnownFileType = file.storyboard; name = Base; path = Base.lproj/Main.storyboard; sourceTree = "<group>"; };
		04276DDC2115E33C00978767 /* Assets.xcassets */ = {isa = PBXFileReference; lastKnownFileType = folder.assetcatalog; path = Assets.xcassets; sourceTree = "<group>"; };
		04276DDF2115E33C00978767 /* Base */ = {isa = PBXFileReference; lastKnownFileType = file.storyboard; name = Base; path = Base.lproj/LaunchScreen.storyboard; sourceTree = "<group>"; };
		04276DE12115E33C00978767 /* Info.plist */ = {isa = PBXFileReference; lastKnownFileType = text.plist.xml; path = Info.plist; sourceTree = "<group>"; };
		04276DE62115E33C00978767 /* uberriderTests.xctest */ = {isa = PBXFileReference; explicitFileType = wrapper.cfbundle; includeInIndex = 0; path = uberriderTests.xctest; sourceTree = BUILT_PRODUCTS_DIR; };
		04276DEA2115E33C00978767 /* uberriderTests.swift */ = {isa = PBXFileReference; lastKnownFileType = sourcecode.swift; path = uberriderTests.swift; sourceTree = "<group>"; };
		04276DEC2115E33C00978767 /* Info.plist */ = {isa = PBXFileReference; lastKnownFileType = text.plist.xml; path = Info.plist; sourceTree = "<group>"; };
		04276DF12115E33C00978767 /* uberriderUITests.xctest */ = {isa = PBXFileReference; explicitFileType = wrapper.cfbundle; includeInIndex = 0; path = uberriderUITests.xctest; sourceTree = BUILT_PRODUCTS_DIR; };
		04276DF52115E33C00978767 /* uberriderUITests.swift */ = {isa = PBXFileReference; lastKnownFileType = sourcecode.swift; path = uberriderUITests.swift; sourceTree = "<group>"; };
		04276DF72115E33C00978767 /* Info.plist */ = {isa = PBXFileReference; lastKnownFileType = text.plist.xml; path = Info.plist; sourceTree = "<group>"; };
/* End PBXFileReference section */

/* Begin PBXFrameworksBuildPhase section */
		04276DCF2115E33400978767 /* Frameworks */ = {
			isa = PBXFrameworksBuildPhase;
			buildActionMask = 2147483647;
			files = (
			);
			runOnlyForDeploymentPostprocessing = 0;
		};
		04276DE32115E33C00978767 /* Frameworks */ = {
			isa = PBXFrameworksBuildPhase;
			buildActionMask = 2147483647;
			files = (
			);
			runOnlyForDeploymentPostprocessing = 0;
		};
		04276DEE2115E33C00978767 /* Frameworks */ = {
			isa = PBXFrameworksBuildPhase;
			buildActionMask = 2147483647;
			files = (
			);
			runOnlyForDeploymentPostprocessing = 0;
		};
/* End PBXFrameworksBuildPhase section */

/* Begin PBXGroup section */
		04276DC92115E33300978767 = {
			isa = PBXGroup;
			children = (
				04276DD42115E33400978767 /* uberrider */,
				04276DE92115E33C00978767 /* uberriderTests */,
				04276DF42115E33C00978767 /* uberriderUITests */,
				04276DD32115E33400978767 /* Products */,
			);
			sourceTree = "<group>";
		};
		04276DD32115E33400978767 /* Products */ = {
			isa = PBXGroup;
			children = (
				04276DD22115E33400978767 /* uberrider.app */,
				04276DE62115E33C00978767 /* uberriderTests.xctest */,
				04276DF12115E33C00978767 /* uberriderUITests.xctest */,
			);
			name = Products;
			sourceTree = "<group>";
		};
		04276DD42115E33400978767 /* uberrider */ = {
			isa = PBXGroup;
			children = (
				04276DD52115E33400978767 /* AppDelegate.swift */,
				04276DD72115E33400978767 /* ViewController.swift */,
				04276DD92115E33400978767 /* Main.storyboard */,
				04276DDC2115E33C00978767 /* Assets.xcassets */,
				04276DDE2115E33C00978767 /* LaunchScreen.storyboard */,
				04276DE12115E33C00978767 /* Info.plist */,
			);
			path = uberrider;
			sourceTree = "<group>";
		};
		04276DE92115E33C00978767 /* uberriderTests */ = {
			isa = PBXGroup;
			children = (
				04276DEA2115E33C00978767 /* uberriderTests.swift */,
				04276DEC2115E33C00978767 /* Info.plist */,
			);
			path = uberriderTests;
			sourceTree = "<group>";
		};
		04276DF42115E33C00978767 /* uberriderUITests */ = {
			isa = PBXGroup;
			children = (
				04276DF52115E33C00978767 /* uberriderUITests.swift */,
				04276DF72115E33C00978767 /* Info.plist */,
			);
			path = uberriderUITests;
			sourceTree = "<group>";
		};
/* End PBXGroup section */

/* Begin PBXNativeTarget section */
		04276DD12115E33400978767 /* uberrider */ = {
			isa = PBXNativeTarget;
			buildConfigurationList = 04276DFA2115E33C00978767 /* Build configuration list for PBXNativeTarget "uberrider" */;
			buildPhases = (
				04276DCE2115E33400978767 /* Sources */,
				04276DCF2115E33400978767 /* Frameworks */,
				04276DD02115E33400978767 /* Resources */,
			);
			buildRules = (
			);
			dependencies = (
			);
			name = uberrider;
			productName = uberrider;
			productReference = 04276DD22115E33400978767 /* uberrider.app */;
			productType = "com.apple.product-type.application";
		};
		04276DE52115E33C00978767 /* uberriderTests */ = {
			isa = PBXNativeTarget;
			buildConfigurationList = 04276DFD2115E33C00978767 /* Build configuration list for PBXNativeTarget "uberriderTests" */;
			buildPhases = (
				04276DE22115E33C00978767 /* Sources */,
				04276DE32115E33C00978767 /* Frameworks */,
				04276DE42115E33C00978767 /* Resources */,
			);
			buildRules = (
			);
			dependencies = (
				04276DE82115E33C00978767 /* PBXTargetDependency */,
			);
			name = uberriderTests;
			productName = uberriderTests;
			productReference = 04276DE62115E33C00978767 /* uberriderTests.xctest */;
			productType = "com.apple.product-type.bundle.unit-test";
		};
		04276DF02115E33C00978767 /* uberriderUITests */ = {
			isa = PBXNativeTarget;
			buildConfigurationList = 04276E002115E33C00978767 /* Build configuration list for PBXNativeTarget "uberriderUITests" */;
			buildPhases = (
				04276DED2115E33C00978767 /* Sources */,
				04276DEE2115E33C00978767 /* Frameworks */,
				04276DEF2115E33C00978767 /* Resources */,
			);
			buildRules = (
			);
			dependencies = (
				04276DF32115E33C00978767 /* PBXTargetDependency */,
			);
			name = uberriderUITests;
			productName = uberriderUITests;
			productReference = 04276DF12115E33C00978767 /* uberriderUITests.xctest */;
			productType = "com.apple.product-type.bundle.ui-testing";
		};
/* End PBXNativeTarget section */

/* Begin PBXProject section */
		04276DCA2115E33300978767 /* Project object */ = {
			isa = PBXProject;
			attributes = {
				LastSwiftUpdateCheck = 0940;
				LastUpgradeCheck = 0940;
				ORGANIZATIONNAME = mac;
				TargetAttributes = {
					04276DD12115E33400978767 = {
						CreatedOnToolsVersion = 9.4.1;
					};
					04276DE52115E33C00978767 = {
						CreatedOnToolsVersion = 9.4.1;
						TestTargetID = 04276DD12115E33400978767;
					};
					04276DF02115E33C00978767 = {
						CreatedOnToolsVersion = 9.4.1;
						TestTargetID = 04276DD12115E33400978767;
					};
				};
			};
			buildConfigurationList = 04276DCD2115E33300978767 /* Build configuration list for PBXProject "uberrider" */;
			compatibilityVersion = "Xcode 9.3";
			developmentRegion = en;
			hasScannedForEncodings = 0;
			knownRegions = (
				en,
				Base,
			);
			mainGroup = 04276DC92115E33300978767;
			productRefGroup = 04276DD32115E33400978767 /* Products */;
			projectDirPath = "";
			projectRoot = "";
			targets = (
				04276DD12115E33400978767 /* uberrider */,
				04276DE52115E33C00978767 /* uberriderTests */,
				04276DF02115E33C00978767 /* uberriderUITests */,
			);
		};
/* End PBXProject section */

/* Begin PBXResourcesBuildPhase section */
		04276DD02115E33400978767 /* Resources */ = {
			isa = PBXResourcesBuildPhase;
			buildActionMask = 2147483647;
			files = (
				04276DE02115E33C00978767 /* LaunchScreen.storyboard in Resources */,
				04276DDD2115E33C00978767 /* Assets.xcassets in Resources */,
				04276DDB2115E33400978767 /* Main.storyboard in Resources */,
			);
			runOnlyForDeploymentPostprocessing = 0;
		};
		04276DE42115E33C00978767 /* Resources */ = {
			isa = PBXResourcesBuildPhase;
			buildActionMask = 2147483647;
			files = (
			);
			runOnlyForDeploymentPostprocessing = 0;
		};
		04276DEF2115E33C00978767 /* Resources */ = {
			isa = PBXResourcesBuildPhase;
			buildActionMask = 2147483647;
			files = (
			);
			runOnlyForDeploymentPostprocessing = 0;
		};
/* End PBXResourcesBuildPhase section */

/* Begin PBXSourcesBuildPhase section */
		04276DCE2115E33400978767 /* Sources */ = {
			isa = PBXSourcesBuildPhase;
			buildActionMask = 2147483647;
			files = (
				04276DD82115E33400978767 /* ViewController.swift in Sources */,
				04276DD62115E33400978767 /* AppDelegate.swift in Sources */,
			);
			runOnlyForDeploymentPostprocessing = 0;
		};
		04276DE22115E33C00978767 /* Sources */ = {
			isa = PBXSourcesBuildPhase;
			buildActionMask = 2147483647;
			files = (
				04276DEB2115E33C00978767 /* uberriderTests.swift in Sources */,
			);
			runOnlyForDeploymentPostprocessing = 0;
		};
		04276DED2115E33C00978767 /* Sources */ = {
			isa = PBXSourcesBuildPhase;
			buildActionMask = 2147483647;
			files = (
				04276DF62115E33C00978767 /* uberriderUITests.swift in Sources */,
			);
			runOnlyForDeploymentPostprocessing = 0;
		};
/* End PBXSourcesBuildPhase section */

/* Begin PBXTargetDependency section */
		04276DE82115E33C00978767 /* PBXTargetDependency */ = {
			isa = PBXTargetDependency;
			target = 04276DD12115E33400978767 /* uberrider */;
			targetProxy = 04276DE72115E33C00978767 /* PBXContainerItemProxy */;
		};
		04276DF32115E33C00978767 /* PBXTargetDependency */ = {
			isa = PBXTargetDependency;
			target = 04276DD12115E33400978767 /* uberrider */;
			targetProxy = 04276DF22115E33C00978767 /* PBXContainerItemProxy */;
		};
/* End PBXTargetDependency section */

/* Begin PBXVariantGroup section */
		04276DD92115E33400978767 /* Main.storyboard */ = {
			isa = PBXVariantGroup;
			children = (
				04276DDA2115E33400978767 /* Base */,
			);
			name = Main.storyboard;
			sourceTree = "<group>";
		};
		04276DDE2115E33C00978767 /* LaunchScreen.storyboard */ = {
			isa = PBXVariantGroup;
			children = (
				04276DDF2115E33C00978767 /* Base */,
			);
			name = LaunchScreen.storyboard;
			sourceTree = "<group>";
		};
/* End PBXVariantGroup section */

/* Begin XCBuildConfiguration section */
		04276DF82115E33C00978767 /* Debug */ = {
			isa = XCBuildConfiguration;
			buildSettings = {
				ALWAYS_SEARCH_USER_PATHS = NO;
				CLANG_ANALYZER_NONNULL = YES;
				CLANG_ANALYZER_NUMBER_OBJECT_CONVERSION = YES_AGGRESSIVE;
				CLANG_CXX_LANGUAGE_STANDARD = "gnu++14";
				CLANG_CXX_LIBRARY = "libc++";
				CLANG_ENABLE_MODULES = YES;
				CLANG_ENABLE_OBJC_ARC = YES;
				CLANG_ENABLE_OBJC_WEAK = YES;
				CLANG_WARN_BLOCK_CAPTURE_AUTORELEASING = YES;
				CLANG_WARN_BOOL_CONVERSION = YES;
				CLANG_WARN_COMMA = YES;
				CLANG_WARN_CONSTANT_CONVERSION = YES;
				CLANG_WARN_DEPRECATED_OBJC_IMPLEMENTATIONS = YES;
				CLANG_WARN_DIRECT_OBJC_ISA_USAGE = YES_ERROR;
				CLANG_WARN_DOCUMENTATION_COMMENTS = YES;
				CLANG_WARN_EMPTY_BODY = YES;
				CLANG_WARN_ENUM_CONVERSION = YES;
				CLANG_WARN_INFINITE_RECURSION = YES;
				CLANG_WARN_INT_CONVERSION = YES;
				CLANG_WARN_NON_LITERAL_NULL_CONVERSION = YES;
				CLANG_WARN_OBJC_IMPLICIT_RETAIN_SELF = YES;
				CLANG_WARN_OBJC_LITERAL_CONVERSION = YES;
				CLANG_WARN_OBJC_ROOT_CLASS = YES_ERROR;
				CLANG_WARN_RANGE_LOOP_ANALYSIS = YES;
				CLANG_WARN_STRICT_PROTOTYPES = YES;
				CLANG_WARN_SUSPICIOUS_MOVE = YES;
				CLANG_WARN_UNGUARDED_AVAILABILITY = YES_AGGRESSIVE;
				CLANG_WARN_UNREACHABLE_CODE = YES;
				CLANG_WARN__DUPLICATE_METHOD_MATCH = YES;
				CODE_SIGN_IDENTITY = "iPhone Developer";
				COPY_PHASE_STRIP = NO;
				DEBUG_INFORMATION_FORMAT = dwarf;
				ENABLE_STRICT_OBJC_MSGSEND = YES;
				ENABLE_TESTABILITY = YES;
				GCC_C_LANGUAGE_STANDARD = gnu11;
				GCC_DYNAMIC_NO_PIC = NO;
				GCC_NO_COMMON_BLOCKS = YES;
				GCC_OPTIMIZATION_LEVEL = 0;
				GCC_PREPROCESSOR_DEFINITIONS = (
					"DEBUG=1",
					"$(inherited)",
				);
				GCC_WARN_64_TO_32_BIT_CONVERSION = YES;
				GCC_WARN_ABOUT_RETURN_TYPE = YES_ERROR;
				GCC_WARN_UNDECLARED_SELECTOR = YES;
				GCC_WARN_UNINITIALIZED_AUTOS = YES_AGGRESSIVE;
				GCC_WARN_UNUSED_FUNCTION = YES;
				GCC_WARN_UNUSED_VARIABLE = YES;
				IPHONEOS_DEPLOYMENT_TARGET = 11.4;
				MTL_ENABLE_DEBUG_INFO = YES;
				ONLY_ACTIVE_ARCH = YES;
				SDKROOT = iphoneos;
				SWIFT_ACTIVE_COMPILATION_CONDITIONS = DEBUG;
				SWIFT_OPTIMIZATION_LEVEL = "-Onone";
			};
			name = Debug;
		};
		04276DF92115E33C00978767 /* Release */ = {
			isa = XCBuildConfiguration;
			buildSettings = {
				ALWAYS_SEARCH_USER_PATHS = NO;
				CLANG_ANALYZER_NONNULL = YES;
				CLANG_ANALYZER_NUMBER_OBJECT_CONVERSION = YES_AGGRESSIVE;
				CLANG_CXX_LANGUAGE_STANDARD = "gnu++14";
				CLANG_CXX_LIBRARY = "libc++";
				CLANG_ENABLE_MODULES = YES;
				CLANG_ENABLE_OBJC_ARC = YES;
				CLANG_ENABLE_OBJC_WEAK = YES;
				CLANG_WARN_BLOCK_CAPTURE_AUTORELEASING = YES;
				CLANG_WARN_BOOL_CONVERSION = YES;
				CLANG_WARN_COMMA = YES;
				CLANG_WARN_CONSTANT_CONVERSION = YES;
				CLANG_WARN_DEPRECATED_OBJC_IMPLEMENTATIONS = YES;
				CLANG_WARN_DIRECT_OBJC_ISA_USAGE = YES_ERROR;
				CLANG_WARN_DOCUMENTATION_COMMENTS = YES;
				CLANG_WARN_EMPTY_BODY = YES;
				CLANG_WARN_ENUM_CONVERSION = YES;
				CLANG_WARN_INFINITE_RECURSION = YES;
				CLANG_WARN_INT_CONVERSION = YES;
				CLANG_WARN_NON_LITERAL_NULL_CONVERSION = YES;
				CLANG_WARN_OBJC_IMPLICIT_RETAIN_SELF = YES;
				CLANG_WARN_OBJC_LITERAL_CONVERSION = YES;
				CLANG_WARN_OBJC_ROOT_CLASS = YES_ERROR;
				CLANG_WARN_RANGE_LOOP_ANALYSIS = YES;
				CLANG_WARN_STRICT_PROTOTYPES = YES;
				CLANG_WARN_SUSPICIOUS_MOVE = YES;
				CLANG_WARN_UNGUARDED_AVAILABILITY = YES_AGGRESSIVE;
				CLANG_WARN_UNREACHABLE_CODE = YES;
				CLANG_WARN__DUPLICATE_METHOD_MATCH = YES;
				CODE_SIGN_IDENTITY = "iPhone Developer";
				COPY_PHASE_STRIP = NO;
				DEBUG_INFORMATION_FORMAT = "dwarf-with-dsym";
				ENABLE_NS_ASSERTIONS = NO;
				ENABLE_STRICT_OBJC_MSGSEND = YES;
				GCC_C_LANGUAGE_STANDARD = gnu11;
				GCC_NO_COMMON_BLOCKS = YES;
				GCC_WARN_64_TO_32_BIT_CONVERSION = YES;
				GCC_WARN_ABOUT_RETURN_TYPE = YES_ERROR;
				GCC_WARN_UNDECLARED_SELECTOR = YES;
				GCC_WARN_UNINITIALIZED_AUTOS = YES_AGGRESSIVE;
				GCC_WARN_UNUSED_FUNCTION = YES;
				GCC_WARN_UNUSED_VARIABLE = YES;
				IPHONEOS_DEPLOYMENT_TARGET = 11.4;
				MTL_ENABLE_DEBUG_INFO = NO;
				SDKROOT = iphoneos;
				SWIFT_COMPILATION_MODE = wholemodule;
				SWIFT_OPTIMIZATION_LEVEL = "-O";
				VALIDATE_PRODUCT = YES;
			};
			name = Release;
		};
		04276DFB2115E33C00978767 /* Debug */ = {
			isa = XCBuildConfiguration;
			buildSettings = {
				ASSETCATALOG_COMPILER_APPICON_NAME = AppIcon;
				CODE_SIGN_STYLE = Automatic;
				INFOPLIST_FILE = uberrider/Info.plist;
				LD_RUNPATH_SEARCH_PATHS = (
					"$(inherited)",
					"@executable_path/Frameworks",
				);
				PRODUCT_BUNDLE_IDENTIFIER = com.example.uberrider;
				PRODUCT_NAME = "$(TARGET_NAME)";
				SWIFT_VERSION = 4.0;
				TARGETED_DEVICE_FAMILY = "1,2";
			};
			name = Debug;
		};
		04276DFC2115E33C00978767 /* Release */ = {
			isa = XCBuildConfiguration;
			buildSettings = {
				ASSETCATALOG_COMPILER_APPICON_NAME = AppIcon;
				CODE_SIGN_STYLE = Automatic;
				INFOPLIST_FILE = uberrider/Info.plist;
				LD_RUNPATH_SEARCH_PATHS = (
					"$(inherited)",
					"@executable_path/Frameworks",
				);
				PRODUCT_BUNDLE_IDENTIFIER = com.example.uberrider;
				PRODUCT_NAME = "$(TARGET_NAME)";
				SWIFT_VERSION = 4.0;
				TARGETED_DEVICE_FAMILY = "1,2";
			};
			name = Release;
		};
		04276DFE2115E33C00978767 /* Debug */ = {
			isa = XCBuildConfiguration;
			buildSettings = {
				ALWAYS_EMBED_SWIFT_STANDARD_LIBRARIES = YES;
				BUNDLE_LOADER = "$(TEST_HOST)";
				CODE_SIGN_STYLE = Automatic;
				INFOPLIST_FILE = uberriderTests/Info.plist;
				LD_RUNPATH_SEARCH_PATHS = (
					"$(inherited)",
					"@executable_path/Frameworks",
					"@loader_path/Frameworks",
				);
				PRODUCT_BUNDLE_IDENTIFIER = com.example.uberriderTests;
				PRODUCT_NAME = "$(TARGET_NAME)";
				SWIFT_VERSION = 4.0;
				TARGETED_DEVICE_FAMILY = "1,2";
				TEST_HOST = "$(BUILT_PRODUCTS_DIR)/uberrider.app/uberrider";
			};
			name = Debug;
		};
		04276DFF2115E33C00978767 /* Release */ = {
			isa = XCBuildConfiguration;
			buildSettings = {
				ALWAYS_EMBED_SWIFT_STANDARD_LIBRARIES = YES;
				BUNDLE_LOADER = "$(TEST_HOST)";
				CODE_SIGN_STYLE = Automatic;
				INFOPLIST_FILE = uberriderTests/Info.plist;
				LD_RUNPATH_SEARCH_PATHS = (
					"$(inherited)",
					"@executable_path/Frameworks",
					"@loader_path/Frameworks",
				);
				PRODUCT_BUNDLE_IDENTIFIER = com.example.uberriderTests;
				PRODUCT_NAME = "$(TARGET_NAME)";
				SWIFT_VERSION = 4.0;
				TARGETED_DEVICE_FAMILY = "1,2";
				TEST_HOST = "$(BUILT_PRODUCTS_DIR)/uberrider.app/uberrider";
			};
			name = Release;
		};
		04276E012115E33C00978767 /* Debug */ = {
			isa = XCBuildConfiguration;
			buildSettings = {
				ALWAYS_EMBED_SWIFT_STANDARD_LIBRARIES = YES;
				CODE_SIGN_STYLE = Automatic;
				INFOPLIST_FILE = uberriderUITests/Info.plist;
				LD_RUNPATH_SEARCH_PATHS = (
					"$(inherited)",
					"@executable_path/Frameworks",
					"@loader_path/Frameworks",
				);
				PRODUCT_BUNDLE_IDENTIFIER = com.example.uberriderUITests;
				PRODUCT_NAME = "$(TARGET_NAME)";
				SWIFT_VERSION = 4.0;
				TARGETED_DEVICE_FAMILY = "1,2";
				TEST_TARGET_NAME = uberrider;
			};
			name = Debug;
		};
		04276E022115E33C00978767 /* Release */ = {
			isa = XCBuildConfiguration;
			buildSettings = {
				ALWAYS_EMBED_SWIFT_STANDARD_LIBRARIES = YES;
				CODE_SIGN_STYLE = Automatic;
				INFOPLIST_FILE = uberriderUITests/Info.plist;
				LD_RUNPATH_SEARCH_PATHS = (
					"$(inherited)",
					"@executable_path/Frameworks",
					"@loader_path/Frameworks",
				);
				PRODUCT_BUNDLE_IDENTIFIER = com.example.uberriderUITests;
				PRODUCT_NAME = "$(TARGET_NAME)";
				SWIFT_VERSION = 4.0;
				TARGETED_DEVICE_FAMILY = "1,2";
				TEST_TARGET_NAME = uberrider;
			};
			name = Release;
		};
/* End XCBuildConfiguration section */

/* Begin XCConfigurationList section */
		04276DCD2115E33300978767 /* Build configuration list for PBXProject "uberrider" */ = {
			isa = XCConfigurationList;
			buildConfigurations = (
				04276DF82115E33C00978767 /* Debug */,
				04276DF92115E33C00978767 /* Release */,
			);
			defaultConfigurationIsVisible = 0;
			defaultConfigurationName = Release;
		};
		04276DFA2115E33C00978767 /* Build configuration list for PBXNativeTarget "uberrider" */ = {
			isa = XCConfigurationList;
			buildConfigurations = (
				04276DFB2115E33C00978767 /* Debug */,
				04276DFC2115E33C00978767 /* Release */,
			);
			defaultConfigurationIsVisible = 0;
			defaultConfigurationName = Release;
		};
		04276DFD2115E33C00978767 /* Build configuration list for PBXNativeTarget "uberriderTests" */ = {
			isa = XCConfigurationList;
			buildConfigurations = (
				04276DFE2115E33C00978767 /* Debug */,
				04276DFF2115E33C00978767 /* Release */,
			);
			defaultConfigurationIsVisible = 0;
			defaultConfigurationName = Release;
		};
		04276E002115E33C00978767 /* Build configuration list for PBXNativeTarget "uberriderUITests" */ = {
			isa = XCConfigurationList;
			buildConfigurations = (
				04276E012115E33C00978767 /* Debug */,
				04276E022115E33C00978767 /* Release */,
			);
			defaultConfigurationIsVisible = 0;
			defaultConfigurationName = Release;
		};
/* End XCConfigurationList section */
	};
	rootObject = 04276DCA2115E33300978767 /* Project object */;
}
