// !$*UTF8*$!
{
	archiveVersion = 1;
	classes = {
	};
	objectVersion = 50;
	objects = {

/* Begin PBXBuildFile section */
		04276DD62115E33400978767 /* AppDelegate.swift in Sources */ = {isa = PBXBuildFile; fileRef = 04276DD52115E33400978767 /* AppDelegate.swift */; };
		04276DD82115E33400978767 /* signinVC.swift in Sources */ = {isa = PBXBuildFile; fileRef = 04276DD72115E33400978767 /* signinVC.swift */; };
		04276DDB2115E33400978767 /* Main.storyboard in Resources */ = {isa = PBXBuildFile; fileRef = 04276DD92115E33400978767 /* Main.storyboard */; };
		04276DDD2115E33C00978767 /* Assets.xcassets in Resources */ = {isa = PBXBuildFile; fileRef = 04276DDC2115E33C00978767 /* Assets.xcassets */; };
		04276DE02115E33C00978767 /* LaunchScreen.storyboard in Resources */ = {isa = PBXBuildFile; fileRef = 04276DDE2115E33C00978767 /* LaunchScreen.storyboard */; };
		04276DEB2115E33C00978767 /* uberriderTests.swift in Sources */ = {isa = PBXBuildFile; fileRef = 04276DEA2115E33C00978767 /* uberriderTests.swift */; };
		04276DF62115E33C00978767 /* uberriderUITests.swift in Sources */ = {isa = PBXBuildFile; fileRef = 04276DF52115E33C00978767 /* uberriderUITests.swift */; };
		044C2BA8211704B8000DD43E /* RiderVC.swift in Sources */ = {isa = PBXBuildFile; fileRef = 044C2BA7211704B8000DD43E /* RiderVC.swift */; };
		044C2BAC21171570000DD43E /* DBProvider.swift in Sources */ = {isa = PBXBuildFile; fileRef = 044C2BAB21171570000DD43E /* DBProvider.swift */; };
		044C2BAE211716D8000DD43E /* Constants.swift in Sources */ = {isa = PBXBuildFile; fileRef = 044C2BAD211716D8000DD43E /* Constants.swift */; };
		044C2BB6211736AC000DD43E /* UberHandler.swift in Sources */ = {isa = PBXBuildFile; fileRef = 044C2BB5211736AC000DD43E /* UberHandler.swift */; };
		04AB34EF2115F1490096CDEC /* GoogleService-Info.plist in Resources */ = {isa = PBXBuildFile; fileRef = 04AB34EE2115F1490096CDEC /* GoogleService-Info.plist */; };
		04CC59282116FAD4003083DA /* AuthProvider .swift in Sources */ = {isa = PBXBuildFile; fileRef = 04CC59272116FAD4003083DA /* AuthProvider .swift */; };
		05300E27CCE3E31AEA103F98 /* Pods_uberriderTests.framework in Frameworks */ = {isa = PBXBuildFile; fileRef = B67ACF053872DB1337B377A6 /* Pods_uberriderTests.framework */; };
		ABA809659E1CA2CFE0C561DA /* Pods_uberriderUITests.framework in Frameworks */ = {isa = PBXBuildFile; fileRef = 1A58D5CF9BEB78082382D2A5 /* Pods_uberriderUITests.framework */; };
		ED8551362434B3C32910A92D /* Pods_uberrider.framework in Frameworks */ = {isa = PBXBuildFile; fileRef = 562D896FBDA542A67F9D05A6 /* Pods_uberrider.framework */; };
/* End PBXBuildFile section */

/* Begin PBXContainerItemProxy section */
		04276DE72115E33C00978767 /* PBXContainerItemProxy */ = {
			isa = PBXContainerItemProxy;
			containerPortal = 04276DCA2115E33300978767 /* Project object */;
			proxyType = 1;
			remoteGlobalIDString = 04276DD12115E33400978767;
			remoteInfo = uberrider;
		};
		04276DF22115E33C00978767 /* PBXContainerItemProxy */ = {
			isa = PBXContainerItemProxy;
			containerPortal = 04276DCA2115E33300978767 /* Project object */;
			proxyType = 1;
			remoteGlobalIDString = 04276DD12115E33400978767;
			remoteInfo = uberrider;
		};
/* End PBXContainerItemProxy section */

/* Begin PBXFileReference section */
		04276DD22115E33400978767 /* uberrider.app */ = {isa = PBXFileReference; explicitFileType = wrapper.application; includeInIndex = 0; path = uberrider.app; sourceTree = BUILT_PRODUCTS_DIR; };
		04276DD52115E33400978767 /* AppDelegate.swift */ = {isa = PBXFileReference; lastKnownFileType = sourcecode.swift; path = AppDelegate.swift; sourceTree = "<group>"; };
		04276DD72115E33400978767 /* signinVC.swift */ = {isa = PBXFileReference; lastKnownFileType = sourcecode.swift; path = signinVC.swift; sourceTree = "<group>"; };
		04276DDA2115E33400978767 /* Base */ = {isa = PBXFileReference; lastKnownFileType = file.storyboard; name = Base; path = Base.lproj/Main.storyboard; sourceTree = "<group>"; };
		04276DDC2115E33C00978767 /* Assets.xcassets */ = {isa = PBXFileReference; lastKnownFileType = folder.assetcatalog; path = Assets.xcassets; sourceTree = "<group>"; };
		04276DDF2115E33C00978767 /* Base */ = {isa = PBXFileReference; lastKnownFileType = file.storyboard; name = Base; path = Base.lproj/LaunchScreen.storyboard; sourceTree = "<group>"; };
		04276DE12115E33C00978767 /* Info.plist */ = {isa = PBXFileReference; lastKnownFileType = text.plist.xml; path = Info.plist; sourceTree = "<group>"; };
		04276DE62115E33C00978767 /* uberriderTests.xctest */ = {isa = PBXFileReference; explicitFileType = wrapper.cfbundle; includeInIndex = 0; path = uberriderTests.xctest; sourceTree = BUILT_PRODUCTS_DIR; };
		04276DEA2115E33C00978767 /* uberriderTests.swift */ = {isa = PBXFileReference; lastKnownFileType = sourcecode.swift; path = uberriderTests.swift; sourceTree = "<group>"; };
		04276DEC2115E33C00978767 /* Info.plist */ = {isa = PBXFileReference; lastKnownFileType = text.plist.xml; path = Info.plist; sourceTree = "<group>"; };
		04276DF12115E33C00978767 /* uberriderUITests.xctest */ = {isa = PBXFileReference; explicitFileType = wrapper.cfbundle; includeInIndex = 0; path = uberriderUITests.xctest; sourceTree = BUILT_PRODUCTS_DIR; };
		04276DF52115E33C00978767 /* uberriderUITests.swift */ = {isa = PBXFileReference; lastKnownFileType = sourcecode.swift; path = uberriderUITests.swift; sourceTree = "<group>"; };
		04276DF72115E33C00978767 /* Info.plist */ = {isa = PBXFileReference; lastKnownFileType = text.plist.xml; path = Info.plist; sourceTree = "<group>"; };
		044C2BA7211704B8000DD43E /* RiderVC.swift */ = {isa = PBXFileReference; lastKnownFileType = sourcecode.swift; path = RiderVC.swift; sourceTree = "<group>"; };
		044C2BAB21171570000DD43E /* DBProvider.swift */ = {isa = PBXFileReference; lastKnownFileType = sourcecode.swift; path = DBProvider.swift; sourceTree = "<group>"; };
		044C2BAD211716D8000DD43E /* Constants.swift */ = {isa = PBXFileReference; lastKnownFileType = sourcecode.swift; path = Constants.swift; sourceTree = "<group>"; };
		044C2BB5211736AC000DD43E /* UberHandler.swift */ = {isa = PBXFileReference; lastKnownFileType = sourcecode.swift; path = UberHandler.swift; sourceTree = "<group>"; };
		04AB34EE2115F1490096CDEC /* GoogleService-Info.plist */ = {isa = PBXFileReference; fileEncoding = 4; lastKnownFileType = text.plist.xml; path = "GoogleService-Info.plist"; sourceTree = "<group>"; };
		04CC59272116FAD4003083DA /* AuthProvider .swift */ = {isa = PBXFileReference; lastKnownFileType = sourcecode.swift; path = "AuthProvider .swift"; sourceTree = "<group>"; };
		1A58D5CF9BEB78082382D2A5 /* Pods_uberriderUITests.framework */ = {isa = PBXFileReference; explicitFileType = wrapper.framework; includeInIndex = 0; path = Pods_uberriderUITests.framework; sourceTree = BUILT_PRODUCTS_DIR; };
		44692F3B3BA1E0DD5A9C00AD /* Pods-uberrider.debug.xcconfig */ = {isa = PBXFileReference; includeInIndex = 1; lastKnownFileType = text.xcconfig; name = "Pods-uberrider.debug.xcconfig"; path = "Pods/Target Support Files/Pods-uberrider/Pods-uberrider.debug.xcconfig"; sourceTree = "<group>"; };
		562D896FBDA542A67F9D05A6 /* Pods_uberrider.framework */ = {isa = PBXFileReference; explicitFileType = wrapper.framework; includeInIndex = 0; path = Pods_uberrider.framework; sourceTree = BUILT_PRODUCTS_DIR; };
		811EAD42B23352FAD2BE877D /* Pods-uberriderTests.debug.xcconfig */ = {isa = PBXFileReference; includeInIndex = 1; lastKnownFileType = text.xcconfig; name = "Pods-uberriderTests.debug.xcconfig"; path = "Pods/Target Support Files/Pods-uberriderTests/Pods-uberriderTests.debug.xcconfig"; sourceTree = "<group>"; };
		95BDDAFC429EBC25DD549FD4 /* Pods-uberriderUITests.release.xcconfig */ = {isa = PBXFileReference; includeInIndex = 1; lastKnownFileType = text.xcconfig; name = "Pods-uberriderUITests.release.xcconfig"; path = "Pods/Target Support Files/Pods-uberriderUITests/Pods-uberriderUITests.release.xcconfig"; sourceTree = "<group>"; };
		B67ACF053872DB1337B377A6 /* Pods_uberriderTests.framework */ = {isa = PBXFileReference; explicitFileType = wrapper.framework; includeInIndex = 0; path = Pods_uberriderTests.framework; sourceTree = BUILT_PRODUCTS_DIR; };
		CB916BD7BF0CAAA1DE0E9C40 /* Pods-uberriderUITests.debug.xcconfig */ = {isa = PBXFileReference; includeInIndex = 1; lastKnownFileType = text.xcconfig; name = "Pods-uberriderUITests.debug.xcconfig"; path = "Pods/Target Support Files/Pods-uberriderUITests/Pods-uberriderUITests.debug.xcconfig"; sourceTree = "<group>"; };
		EBC48302C83A12497278A0F0 /* Pods-uberriderTests.release.xcconfig */ = {isa = PBXFileReference; includeInIndex = 1; lastKnownFileType = text.xcconfig; name = "Pods-uberriderTests.release.xcconfig"; path = "Pods/Target Support Files/Pods-uberriderTests/Pods-uberriderTests.release.xcconfig"; sourceTree = "<group>"; };
		FA37E785C2889549696CFA92 /* Pods-uberrider.release.xcconfig */ = {isa = PBXFileReference; includeInIndex = 1; lastKnownFileType = text.xcconfig; name = "Pods-uberrider.release.xcconfig"; path = "Pods/Target Support Files/Pods-uberrider/Pods-uberrider.release.xcconfig"; sourceTree = "<group>"; };
/* End PBXFileReference section */

/* Begin PBXFrameworksBuildPhase section */
		04276DCF2115E33400978767 /* Frameworks */ = {
			isa = PBXFrameworksBuildPhase;
			buildActionMask = 2147483647;
			files = (
				ED8551362434B3C32910A92D /* Pods_uberrider.framework in Frameworks */,
			);
			runOnlyForDeploymentPostprocessing = 0;
		};
		04276DE32115E33C00978767 /* Frameworks */ = {
			isa = PBXFrameworksBuildPhase;
			buildActionMask = 2147483647;
			files = (
				05300E27CCE3E31AEA103F98 /* Pods_uberriderTests.framework in Frameworks */,
			);
			runOnlyForDeploymentPostprocessing = 0;
		};
		04276DEE2115E33C00978767 /* Frameworks */ = {
			isa = PBXFrameworksBuildPhase;
			buildActionMask = 2147483647;
			files = (
				ABA809659E1CA2CFE0C561DA /* Pods_uberriderUITests.framework in Frameworks */,
			);
			runOnlyForDeploymentPostprocessing = 0;
		};
/* End PBXFrameworksBuildPhase section */

/* Begin PBXGroup section */
		04276DC92115E33300978767 = {
			isa = PBXGroup;
			children = (
				04276DD42115E33400978767 /* uberrider */,
				04276DE92115E33C00978767 /* uberriderTests */,
				04276DF42115E33C00978767 /* uberriderUITests */,
				04276DD32115E33400978767 /* Products */,
				85711A28584BFE0760501657 /* Pods */,
				894129F51759FABD4D072088 /* Frameworks */,
			);
			sourceTree = "<group>";
		};
		04276DD32115E33400978767 /* Products */ = {
			isa = PBXGroup;
			children = (
				04276DD22115E33400978767 /* uberrider.app */,
				04276DE62115E33C00978767 /* uberriderTests.xctest */,
				04276DF12115E33C00978767 /* uberriderUITests.xctest */,
			);
			name = Products;
			sourceTree = "<group>";
		};
		04276DD42115E33400978767 /* uberrider */ = {
			isa = PBXGroup;
			children = (
				04CC59262116FAA4003083DA /* Plugins */,
				04AB34EE2115F1490096CDEC /* GoogleService-Info.plist */,
				04276E422115E6C300978767 /* Control */,
				04276E412115E6BD00978767 /* View */,
				04276E402115E6B100978767 /* Model */,
				04276DD52115E33400978767 /* AppDelegate.swift */,
				04276DD92115E33400978767 /* Main.storyboard */,
				04276DDC2115E33C00978767 /* Assets.xcassets */,
				04276DDE2115E33C00978767 /* LaunchScreen.storyboard */,
				04276DE12115E33C00978767 /* Info.plist */,
			);
			path = uberrider;
			sourceTree = "<group>";
		};
		04276DE92115E33C00978767 /* uberriderTests */ = {
			isa = PBXGroup;
			children = (
				04276DEA2115E33C00978767 /* uberriderTests.swift */,
				04276DEC2115E33C00978767 /* Info.plist */,
			);
			path = uberriderTests;
			sourceTree = "<group>";
		};
		04276DF42115E33C00978767 /* uberriderUITests */ = {
			isa = PBXGroup;
			children = (
				04276DF52115E33C00978767 /* uberriderUITests.swift */,
				04276DF72115E33C00978767 /* Info.plist */,
			);
			path = uberriderUITests;
			sourceTree = "<group>";
		};
		04276E402115E6B100978767 /* Model */ = {
			isa = PBXGroup;
			children = (
			);
			path = Model;
			sourceTree = "<group>";
		};
		04276E412115E6BD00978767 /* View */ = {
			isa = PBXGroup;
			children = (
			);
			path = View;
			sourceTree = "<group>";
		};
		04276E422115E6C300978767 /* Control */ = {
			isa = PBXGroup;
			children = (
				04276DD72115E33400978767 /* signinVC.swift */,
				044C2BA7211704B8000DD43E /* RiderVC.swift */,
			);
			path = Control;
			sourceTree = "<group>";
		};
		04CC59262116FAA4003083DA /* Plugins */ = {
			isa = PBXGroup;
			children = (
				04CC59272116FAD4003083DA /* AuthProvider .swift */,
				044C2BAB21171570000DD43E /* DBProvider.swift */,
				044C2BAD211716D8000DD43E /* Constants.swift */,
				044C2BB5211736AC000DD43E /* UberHandler.swift */,
			);
			path = Plugins;
			sourceTree = "<group>";
		};
		85711A28584BFE0760501657 /* Pods */ = {
			isa = PBXGroup;
			children = (
				44692F3B3BA1E0DD5A9C00AD /* Pods-uberrider.debug.xcconfig */,
				FA37E785C2889549696CFA92 /* Pods-uberrider.release.xcconfig */,
				811EAD42B23352FAD2BE877D /* Pods-uberriderTests.debug.xcconfig */,
				EBC48302C83A12497278A0F0 /* Pods-uberriderTests.release.xcconfig */,
				CB916BD7BF0CAAA1DE0E9C40 /* Pods-uberriderUITests.debug.xcconfig */,
				95BDDAFC429EBC25DD549FD4 /* Pods-uberriderUITests.release.xcconfig */,
			);
			name = Pods;
			sourceTree = "<group>";
		};
		894129F51759FABD4D072088 /* Frameworks */ = {
			isa = PBXGroup;
			children = (
				562D896FBDA542A67F9D05A6 /* Pods_uberrider.framework */,
				B67ACF053872DB1337B377A6 /* Pods_uberriderTests.framework */,
				1A58D5CF9BEB78082382D2A5 /* Pods_uberriderUITests.framework */,
			);
			name = Frameworks;
			sourceTree = "<group>";
		};
/* End PBXGroup section */

/* Begin PBXNativeTarget section */
		04276DD12115E33400978767 /* uberrider */ = {
			isa = PBXNativeTarget;
			buildConfigurationList = 04276DFA2115E33C00978767 /* Build configuration list for PBXNativeTarget "uberrider" */;
			buildPhases = (
				9E57778764865833C9877FD7 /* [CP] Check Pods Manifest.lock */,
				04276DCE2115E33400978767 /* Sources */,
				04276DCF2115E33400978767 /* Frameworks */,
				04276DD02115E33400978767 /* Resources */,
				46F21F92276B881EFBFF2A86 /* [CP] Embed Pods Frameworks */,
			);
			buildRules = (
			);
			dependencies = (
			);
			name = uberrider;
			productName = uberrider;
			productReference = 04276DD22115E33400978767 /* uberrider.app */;
			productType = "com.apple.product-type.application";
		};
		04276DE52115E33C00978767 /* uberriderTests */ = {
			isa = PBXNativeTarget;
			buildConfigurationList = 04276DFD2115E33C00978767 /* Build configuration list for PBXNativeTarget "uberriderTests" */;
			buildPhases = (
				817EAF6959E265367865D96F /* [CP] Check Pods Manifest.lock */,
				04276DE22115E33C00978767 /* Sources */,
				04276DE32115E33C00978767 /* Frameworks */,
				04276DE42115E33C00978767 /* Resources */,
			);
			buildRules = (
			);
			dependencies = (
				04276DE82115E33C00978767 /* PBXTargetDependency */,
			);
			name = uberriderTests;
			productName = uberriderTests;
			productReference = 04276DE62115E33C00978767 /* uberriderTests.xctest */;
			productType = "com.apple.product-type.bundle.unit-test";
		};
		04276DF02115E33C00978767 /* uberriderUITests */ = {
			isa = PBXNativeTarget;
			buildConfigurationList = 04276E002115E33C00978767 /* Build configuration list for PBXNativeTarget "uberriderUITests" */;
			buildPhases = (
				D7E5F90B6FD1C6D2EAE908F8 /* [CP] Check Pods Manifest.lock */,
				04276DED2115E33C00978767 /* Sources */,
				04276DEE2115E33C00978767 /* Frameworks */,
				04276DEF2115E33C00978767 /* Resources */,
			);
			buildRules = (
			);
			dependencies = (
				04276DF32115E33C00978767 /* PBXTargetDependency */,
			);
			name = uberriderUITests;
			productName = uberriderUITests;
			productReference = 04276DF12115E33C00978767 /* uberriderUITests.xctest */;
			productType = "com.apple.product-type.bundle.ui-testing";
		};
/* End PBXNativeTarget section */

/* Begin PBXProject section */
		04276DCA2115E33300978767 /* Project object */ = {
			isa = PBXProject;
			attributes = {
				LastSwiftUpdateCheck = 0940;
				LastUpgradeCheck = 0940;
				ORGANIZATIONNAME = mac;
				TargetAttributes = {
					04276DD12115E33400978767 = {
						CreatedOnToolsVersion = 9.4.1;
					};
					04276DE52115E33C00978767 = {
						CreatedOnToolsVersion = 9.4.1;
						TestTargetID = 04276DD12115E33400978767;
					};
					04276DF02115E33C00978767 = {
						CreatedOnToolsVersion = 9.4.1;
						TestTargetID = 04276DD12115E33400978767;
					};
				};
			};
			buildConfigurationList = 04276DCD2115E33300978767 /* Build configuration list for PBXProject "uberrider" */;
			compatibilityVersion = "Xcode 9.3";
			developmentRegion = en;
			hasScannedForEncodings = 0;
			knownRegions = (
				en,
				Base,
			);
			mainGroup = 04276DC92115E33300978767;
			productRefGroup = 04276DD32115E33400978767 /* Products */;
			projectDirPath = "";
			projectRoot = "";
			targets = (
				04276DD12115E33400978767 /* uberrider */,
				04276DE52115E33C00978767 /* uberriderTests */,
				04276DF02115E33C00978767 /* uberriderUITests */,
			);
		};
/* End PBXProject section */

/* Begin PBXResourcesBuildPhase section */
		04276DD02115E33400978767 /* Resources */ = {
			isa = PBXResourcesBuildPhase;
			buildActionMask = 2147483647;
			files = (
				04276DE02115E33C00978767 /* LaunchScreen.storyboard in Resources */,
				04AB34EF2115F1490096CDEC /* GoogleService-Info.plist in Resources */,
				04276DDD2115E33C00978767 /* Assets.xcassets in Resources */,
				04276DDB2115E33400978767 /* Main.storyboard in Resources */,
			);
			runOnlyForDeploymentPostprocessing = 0;
		};
		04276DE42115E33C00978767 /* Resources */ = {
			isa = PBXResourcesBuildPhase;
			buildActionMask = 2147483647;
			files = (
			);
			runOnlyForDeploymentPostprocessing = 0;
		};
		04276DEF2115E33C00978767 /* Resources */ = {
			isa = PBXResourcesBuildPhase;
			buildActionMask = 2147483647;
			files = (
			);
			runOnlyForDeploymentPostprocessing = 0;
		};
/* End PBXResourcesBuildPhase section */

/* Begin PBXShellScriptBuildPhase section */
		46F21F92276B881EFBFF2A86 /* [CP] Embed Pods Frameworks */ = {
			isa = PBXShellScriptBuildPhase;
			buildActionMask = 2147483647;
			files = (
			);
			inputPaths = (
				"${SRCROOT}/Pods/Target Support Files/Pods-uberrider/Pods-uberrider-frameworks.sh",
				"${BUILT_PRODUCTS_DIR}/GTMSessionFetcher/GTMSessionFetcher.framework",
				"${BUILT_PRODUCTS_DIR}/GoogleToolboxForMac/GoogleToolboxForMac.framework",
				"${BUILT_PRODUCTS_DIR}/leveldb-library/leveldb.framework",
				"${BUILT_PRODUCTS_DIR}/nanopb/nanopb.framework",
			);
			name = "[CP] Embed Pods Frameworks";
			outputPaths = (
				"${TARGET_BUILD_DIR}/${FRAMEWORKS_FOLDER_PATH}/GTMSessionFetcher.framework",
				"${TARGET_BUILD_DIR}/${FRAMEWORKS_FOLDER_PATH}/GoogleToolboxForMac.framework",
				"${TARGET_BUILD_DIR}/${FRAMEWORKS_FOLDER_PATH}/leveldb.framework",
				"${TARGET_BUILD_DIR}/${FRAMEWORKS_FOLDER_PATH}/nanopb.framework",
			);
			runOnlyForDeploymentPostprocessing = 0;
			shellPath = /bin/sh;
			shellScript = "\"${SRCROOT}/Pods/Target Support Files/Pods-uberrider/Pods-uberrider-frameworks.sh\"\n";
			showEnvVarsInLog = 0;
		};
		817EAF6959E265367865D96F /* [CP] Check Pods Manifest.lock */ = {
			isa = PBXShellScriptBuildPhase;
			buildActionMask = 2147483647;
			files = (
			);
			inputPaths = (
				"${PODS_PODFILE_DIR_PATH}/Podfile.lock",
				"${PODS_ROOT}/Manifest.lock",
			);
			name = "[CP] Check Pods Manifest.lock";
			outputPaths = (
				"$(DERIVED_FILE_DIR)/Pods-uberriderTests-checkManifestLockResult.txt",
			);
			runOnlyForDeploymentPostprocessing = 0;
			shellPath = /bin/sh;
			shellScript = "diff \"${PODS_PODFILE_DIR_PATH}/Podfile.lock\" \"${PODS_ROOT}/Manifest.lock\" > /dev/null\nif [ $? != 0 ] ; then\n    # print error to STDERR\n    echo \"error: The sandbox is not in sync with the Podfile.lock. Run 'pod install' or update your CocoaPods installation.\" >&2\n    exit 1\nfi\n# This output is used by Xcode 'outputs' to avoid re-running this script phase.\necho \"SUCCESS\" > \"${SCRIPT_OUTPUT_FILE_0}\"\n";
			showEnvVarsInLog = 0;
		};
		9E57778764865833C9877FD7 /* [CP] Check Pods Manifest.lock */ = {
			isa = PBXShellScriptBuildPhase;
			buildActionMask = 2147483647;
			files = (
			);
			inputPaths = (
				"${PODS_PODFILE_DIR_PATH}/Podfile.lock",
				"${PODS_ROOT}/Manifest.lock",
			);
			name = "[CP] Check Pods Manifest.lock";
			outputPaths = (
				"$(DERIVED_FILE_DIR)/Pods-uberrider-checkManifestLockResult.txt",
			);
			runOnlyForDeploymentPostprocessing = 0;
			shellPath = /bin/sh;
			shellScript = "diff \"${PODS_PODFILE_DIR_PATH}/Podfile.lock\" \"${PODS_ROOT}/Manifest.lock\" > /dev/null\nif [ $? != 0 ] ; then\n    # print error to STDERR\n    echo \"error: The sandbox is not in sync with the Podfile.lock. Run 'pod install' or update your CocoaPods installation.\" >&2\n    exit 1\nfi\n# This output is used by Xcode 'outputs' to avoid re-running this script phase.\necho \"SUCCESS\" > \"${SCRIPT_OUTPUT_FILE_0}\"\n";
			showEnvVarsInLog = 0;
		};
		D7E5F90B6FD1C6D2EAE908F8 /* [CP] Check Pods Manifest.lock */ = {
			isa = PBXShellScriptBuildPhase;
			buildActionMask = 2147483647;
			files = (
			);
			inputPaths = (
				"${PODS_PODFILE_DIR_PATH}/Podfile.lock",
				"${PODS_ROOT}/Manifest.lock",
			);
			name = "[CP] Check Pods Manifest.lock";
			outputPaths = (
				"$(DERIVED_FILE_DIR)/Pods-uberriderUITests-checkManifestLockResult.txt",
			);
			runOnlyForDeploymentPostprocessing = 0;
			shellPath = /bin/sh;
			shellScript = "diff \"${PODS_PODFILE_DIR_PATH}/Podfile.lock\" \"${PODS_ROOT}/Manifest.lock\" > /dev/null\nif [ $? != 0 ] ; then\n    # print error to STDERR\n    echo \"error: The sandbox is not in sync with the Podfile.lock. Run 'pod install' or update your CocoaPods installation.\" >&2\n    exit 1\nfi\n# This output is used by Xcode 'outputs' to avoid re-running this script phase.\necho \"SUCCESS\" > \"${SCRIPT_OUTPUT_FILE_0}\"\n";
			showEnvVarsInLog = 0;
		};
/* End PBXShellScriptBuildPhase section */

/* Begin PBXSourcesBuildPhase section */
		04276DCE2115E33400978767 /* Sources */ = {
			isa = PBXSourcesBuildPhase;
			buildActionMask = 2147483647;
			files = (
				04276DD82115E33400978767 /* signinVC.swift in Sources */,
				04CC59282116FAD4003083DA /* AuthProvider .swift in Sources */,
				044C2BAC21171570000DD43E /* DBProvider.swift in Sources */,
				04276DD62115E33400978767 /* AppDelegate.swift in Sources */,
				044C2BB6211736AC000DD43E /* UberHandler.swift in Sources */,
				044C2BA8211704B8000DD43E /* RiderVC.swift in Sources */,
				044C2BAE211716D8000DD43E /* Constants.swift in Sources */,
			);
			runOnlyForDeploymentPostprocessing = 0;
		};
		04276DE22115E33C00978767 /* Sources */ = {
			isa = PBXSourcesBuildPhase;
			buildActionMask = 2147483647;
			files = (
				04276DEB2115E33C00978767 /* uberriderTests.swift in Sources */,
			);
			runOnlyForDeploymentPostprocessing = 0;
		};
		04276DED2115E33C00978767 /* Sources */ = {
			isa = PBXSourcesBuildPhase;
			buildActionMask = 2147483647;
			files = (
				04276DF62115E33C00978767 /* uberriderUITests.swift in Sources */,
			);
			runOnlyForDeploymentPostprocessing = 0;
		};
/* End PBXSourcesBuildPhase section */

/* Begin PBXTargetDependency section */
		04276DE82115E33C00978767 /* PBXTargetDependency */ = {
			isa = PBXTargetDependency;
			target = 04276DD12115E33400978767 /* uberrider */;
			targetProxy = 04276DE72115E33C00978767 /* PBXContainerItemProxy */;
		};
		04276DF32115E33C00978767 /* PBXTargetDependency */ = {
			isa = PBXTargetDependency;
			target = 04276DD12115E33400978767 /* uberrider */;
			targetProxy = 04276DF22115E33C00978767 /* PBXContainerItemProxy */;
		};
/* End PBXTargetDependency section */

/* Begin PBXVariantGroup section */
		04276DD92115E33400978767 /* Main.storyboard */ = {
			isa = PBXVariantGroup;
			children = (
				04276DDA2115E33400978767 /* Base */,
			);
			name = Main.storyboard;
			sourceTree = "<group>";
		};
		04276DDE2115E33C00978767 /* LaunchScreen.storyboard */ = {
			isa = PBXVariantGroup;
			children = (
				04276DDF2115E33C00978767 /* Base */,
			);
			name = LaunchScreen.storyboard;
			sourceTree = "<group>";
		};
/* End PBXVariantGroup section */

/* Begin XCBuildConfiguration section */
		04276DF82115E33C00978767 /* Debug */ = {
			isa = XCBuildConfiguration;
			buildSettings = {
				ALWAYS_SEARCH_USER_PATHS = NO;
				CLANG_ANALYZER_NONNULL = YES;
				CLANG_ANALYZER_NUMBER_OBJECT_CONVERSION = YES_AGGRESSIVE;
				CLANG_CXX_LANGUAGE_STANDARD = "gnu++14";
				CLANG_CXX_LIBRARY = "libc++";
				CLANG_ENABLE_MODULES = YES;
				CLANG_ENABLE_OBJC_ARC = YES;
				CLANG_ENABLE_OBJC_WEAK = YES;
				CLANG_WARN_BLOCK_CAPTURE_AUTORELEASING = YES;
				CLANG_WARN_BOOL_CONVERSION = YES;
				CLANG_WARN_COMMA = YES;
				CLANG_WARN_CONSTANT_CONVERSION = YES;
				CLANG_WARN_DEPRECATED_OBJC_IMPLEMENTATIONS = YES;
				CLANG_WARN_DIRECT_OBJC_ISA_USAGE = YES_ERROR;
				CLANG_WARN_DOCUMENTATION_COMMENTS = YES;
				CLANG_WARN_EMPTY_BODY = YES;
				CLANG_WARN_ENUM_CONVERSION = YES;
				CLANG_WARN_INFINITE_RECURSION = YES;
				CLANG_WARN_INT_CONVERSION = YES;
				CLANG_WARN_NON_LITERAL_NULL_CONVERSION = YES;
				CLANG_WARN_OBJC_IMPLICIT_RETAIN_SELF = YES;
				CLANG_WARN_OBJC_LITERAL_CONVERSION = YES;
				CLANG_WARN_OBJC_ROOT_CLASS = YES_ERROR;
				CLANG_WARN_RANGE_LOOP_ANALYSIS = YES;
				CLANG_WARN_STRICT_PROTOTYPES = YES;
				CLANG_WARN_SUSPICIOUS_MOVE = YES;
				CLANG_WARN_UNGUARDED_AVAILABILITY = YES_AGGRESSIVE;
				CLANG_WARN_UNREACHABLE_CODE = YES;
				CLANG_WARN__DUPLICATE_METHOD_MATCH = YES;
				CODE_SIGN_IDENTITY = "iPhone Developer";
				COPY_PHASE_STRIP = NO;
				DEBUG_INFORMATION_FORMAT = dwarf;
				ENABLE_STRICT_OBJC_MSGSEND = YES;
				ENABLE_TESTABILITY = YES;
				GCC_C_LANGUAGE_STANDARD = gnu11;
				GCC_DYNAMIC_NO_PIC = NO;
				GCC_NO_COMMON_BLOCKS = YES;
				GCC_OPTIMIZATION_LEVEL = 0;
				GCC_PREPROCESSOR_DEFINITIONS = (
					"DEBUG=1",
					"$(inherited)",
				);
				GCC_WARN_64_TO_32_BIT_CONVERSION = YES;
				GCC_WARN_ABOUT_RETURN_TYPE = YES_ERROR;
				GCC_WARN_UNDECLARED_SELECTOR = YES;
				GCC_WARN_UNINITIALIZED_AUTOS = YES_AGGRESSIVE;
				GCC_WARN_UNUSED_FUNCTION = YES;
				GCC_WARN_UNUSED_VARIABLE = YES;
				IPHONEOS_DEPLOYMENT_TARGET = 11.4;
				MTL_ENABLE_DEBUG_INFO = YES;
				ONLY_ACTIVE_ARCH = YES;
				SDKROOT = iphoneos;
				SWIFT_ACTIVE_COMPILATION_CONDITIONS = DEBUG;
				SWIFT_OPTIMIZATION_LEVEL = "-Onone";
			};
			name = Debug;
		};
		04276DF92115E33C00978767 /* Release */ = {
			isa = XCBuildConfiguration;
			buildSettings = {
				ALWAYS_SEARCH_USER_PATHS = NO;
				CLANG_ANALYZER_NONNULL = YES;
				CLANG_ANALYZER_NUMBER_OBJECT_CONVERSION = YES_AGGRESSIVE;
				CLANG_CXX_LANGUAGE_STANDARD = "gnu++14";
				CLANG_CXX_LIBRARY = "libc++";
				CLANG_ENABLE_MODULES = YES;
				CLANG_ENABLE_OBJC_ARC = YES;
				CLANG_ENABLE_OBJC_WEAK = YES;
				CLANG_WARN_BLOCK_CAPTURE_AUTORELEASING = YES;
				CLANG_WARN_BOOL_CONVERSION = YES;
				CLANG_WARN_COMMA = YES;
				CLANG_WARN_CONSTANT_CONVERSION = YES;
				CLANG_WARN_DEPRECATED_OBJC_IMPLEMENTATIONS = YES;
				CLANG_WARN_DIRECT_OBJC_ISA_USAGE = YES_ERROR;
				CLANG_WARN_DOCUMENTATION_COMMENTS = YES;
				CLANG_WARN_EMPTY_BODY = YES;
				CLANG_WARN_ENUM_CONVERSION = YES;
				CLANG_WARN_INFINITE_RECURSION = YES;
				CLANG_WARN_INT_CONVERSION = YES;
				CLANG_WARN_NON_LITERAL_NULL_CONVERSION = YES;
				CLANG_WARN_OBJC_IMPLICIT_RETAIN_SELF = YES;
				CLANG_WARN_OBJC_LITERAL_CONVERSION = YES;
				CLANG_WARN_OBJC_ROOT_CLASS = YES_ERROR;
				CLANG_WARN_RANGE_LOOP_ANALYSIS = YES;
				CLANG_WARN_STRICT_PROTOTYPES = YES;
				CLANG_WARN_SUSPICIOUS_MOVE = YES;
				CLANG_WARN_UNGUARDED_AVAILABILITY = YES_AGGRESSIVE;
				CLANG_WARN_UNREACHABLE_CODE = YES;
				CLANG_WARN__DUPLICATE_METHOD_MATCH = YES;
				CODE_SIGN_IDENTITY = "iPhone Developer";
				COPY_PHASE_STRIP = NO;
				DEBUG_INFORMATION_FORMAT = "dwarf-with-dsym";
				ENABLE_NS_ASSERTIONS = NO;
				ENABLE_STRICT_OBJC_MSGSEND = YES;
				GCC_C_LANGUAGE_STANDARD = gnu11;
				GCC_NO_COMMON_BLOCKS = YES;
				GCC_WARN_64_TO_32_BIT_CONVERSION = YES;
				GCC_WARN_ABOUT_RETURN_TYPE = YES_ERROR;
				GCC_WARN_UNDECLARED_SELECTOR = YES;
				GCC_WARN_UNINITIALIZED_AUTOS = YES_AGGRESSIVE;
				GCC_WARN_UNUSED_FUNCTION = YES;
				GCC_WARN_UNUSED_VARIABLE = YES;
				IPHONEOS_DEPLOYMENT_TARGET = 11.4;
				MTL_ENABLE_DEBUG_INFO = NO;
				SDKROOT = iphoneos;
				SWIFT_COMPILATION_MODE = wholemodule;
				SWIFT_OPTIMIZATION_LEVEL = "-O";
				VALIDATE_PRODUCT = YES;
			};
			name = Release;
		};
		04276DFB2115E33C00978767 /* Debug */ = {
			isa = XCBuildConfiguration;
			baseConfigurationReference = 44692F3B3BA1E0DD5A9C00AD /* Pods-uberrider.debug.xcconfig */;
			buildSettings = {
				ASSETCATALOG_COMPILER_APPICON_NAME = AppIcon;
				CODE_SIGN_STYLE = Automatic;
				INFOPLIST_FILE = uberrider/Info.plist;
				LD_RUNPATH_SEARCH_PATHS = (
					"$(inherited)",
					"@executable_path/Frameworks",
				);
				PRODUCT_BUNDLE_IDENTIFIER = com.example.uberrider;
				PRODUCT_NAME = "$(TARGET_NAME)";
				SWIFT_VERSION = 4.0;
				TARGETED_DEVICE_FAMILY = "1,2";
			};
			name = Debug;
		};
		04276DFC2115E33C00978767 /* Release */ = {
			isa = XCBuildConfiguration;
			baseConfigurationReference = FA37E785C2889549696CFA92 /* Pods-uberrider.release.xcconfig */;
			buildSettings = {
				ASSETCATALOG_COMPILER_APPICON_NAME = AppIcon;
				CODE_SIGN_STYLE = Automatic;
				INFOPLIST_FILE = uberrider/Info.plist;
				LD_RUNPATH_SEARCH_PATHS = (
					"$(inherited)",
					"@executable_path/Frameworks",
				);
				PRODUCT_BUNDLE_IDENTIFIER = com.example.uberrider;
				PRODUCT_NAME = "$(TARGET_NAME)";
				SWIFT_VERSION = 4.0;
				TARGETED_DEVICE_FAMILY = "1,2";
			};
			name = Release;
		};
		04276DFE2115E33C00978767 /* Debug */ = {
			isa = XCBuildConfiguration;
			baseConfigurationReference = 811EAD42B23352FAD2BE877D /* Pods-uberriderTests.debug.xcconfig */;
			buildSettings = {
				ALWAYS_EMBED_SWIFT_STANDARD_LIBRARIES = YES;
				BUNDLE_LOADER = "$(TEST_HOST)";
				CODE_SIGN_STYLE = Automatic;
				INFOPLIST_FILE = uberriderTests/Info.plist;
				LD_RUNPATH_SEARCH_PATHS = (
					"$(inherited)",
					"@executable_path/Frameworks",
					"@loader_path/Frameworks",
				);
				PRODUCT_BUNDLE_IDENTIFIER = com.example.uberriderTests;
				PRODUCT_NAME = "$(TARGET_NAME)";
				SWIFT_VERSION = 4.0;
				TARGETED_DEVICE_FAMILY = "1,2";
				TEST_HOST = "$(BUILT_PRODUCTS_DIR)/uberrider.app/uberrider";
			};
			name = Debug;
		};
		04276DFF2115E33C00978767 /* Release */ = {
			isa = XCBuildConfiguration;
			baseConfigurationReference = EBC48302C83A12497278A0F0 /* Pods-uberriderTests.release.xcconfig */;
			buildSettings = {
				ALWAYS_EMBED_SWIFT_STANDARD_LIBRARIES = YES;
				BUNDLE_LOADER = "$(TEST_HOST)";
				CODE_SIGN_STYLE = Automatic;
				INFOPLIST_FILE = uberriderTests/Info.plist;
				LD_RUNPATH_SEARCH_PATHS = (
					"$(inherited)",
					"@executable_path/Frameworks",
					"@loader_path/Frameworks",
				);
				PRODUCT_BUNDLE_IDENTIFIER = com.example.uberriderTests;
				PRODUCT_NAME = "$(TARGET_NAME)";
				SWIFT_VERSION = 4.0;
				TARGETED_DEVICE_FAMILY = "1,2";
				TEST_HOST = "$(BUILT_PRODUCTS_DIR)/uberrider.app/uberrider";
			};
			name = Release;
		};
		04276E012115E33C00978767 /* Debug */ = {
			isa = XCBuildConfiguration;
			baseConfigurationReference = CB916BD7BF0CAAA1DE0E9C40 /* Pods-uberriderUITests.debug.xcconfig */;
			buildSettings = {
				ALWAYS_EMBED_SWIFT_STANDARD_LIBRARIES = YES;
				CODE_SIGN_STYLE = Automatic;
				INFOPLIST_FILE = uberriderUITests/Info.plist;
				LD_RUNPATH_SEARCH_PATHS = (
					"$(inherited)",
					"@executable_path/Frameworks",
					"@loader_path/Frameworks",
				);
				PRODUCT_BUNDLE_IDENTIFIER = com.example.uberriderUITests;
				PRODUCT_NAME = "$(TARGET_NAME)";
				SWIFT_VERSION = 4.0;
				TARGETED_DEVICE_FAMILY = "1,2";
				TEST_TARGET_NAME = uberrider;
			};
			name = Debug;
		};
		04276E022115E33C00978767 /* Release */ = {
			isa = XCBuildConfiguration;
			baseConfigurationReference = 95BDDAFC429EBC25DD549FD4 /* Pods-uberriderUITests.release.xcconfig */;
			buildSettings = {
				ALWAYS_EMBED_SWIFT_STANDARD_LIBRARIES = YES;
				CODE_SIGN_STYLE = Automatic;
				INFOPLIST_FILE = uberriderUITests/Info.plist;
				LD_RUNPATH_SEARCH_PATHS = (
					"$(inherited)",
					"@executable_path/Frameworks",
					"@loader_path/Frameworks",
				);
				PRODUCT_BUNDLE_IDENTIFIER = com.example.uberriderUITests;
				PRODUCT_NAME = "$(TARGET_NAME)";
				SWIFT_VERSION = 4.0;
				TARGETED_DEVICE_FAMILY = "1,2";
				TEST_TARGET_NAME = uberrider;
			};
			name = Release;
		};
/* End XCBuildConfiguration section */

/* Begin XCConfigurationList section */
		04276DCD2115E33300978767 /* Build configuration list for PBXProject "uberrider" */ = {
			isa = XCConfigurationList;
			buildConfigurations = (
				04276DF82115E33C00978767 /* Debug */,
				04276DF92115E33C00978767 /* Release */,
			);
			defaultConfigurationIsVisible = 0;
			defaultConfigurationName = Release;
		};
		04276DFA2115E33C00978767 /* Build configuration list for PBXNativeTarget "uberrider" */ = {
			isa = XCConfigurationList;
			buildConfigurations = (
				04276DFB2115E33C00978767 /* Debug */,
				04276DFC2115E33C00978767 /* Release */,
			);
			defaultConfigurationIsVisible = 0;
			defaultConfigurationName = Release;
		};
		04276DFD2115E33C00978767 /* Build configuration list for PBXNativeTarget "uberriderTests" */ = {
			isa = XCConfigurationList;
			buildConfigurations = (
				04276DFE2115E33C00978767 /* Debug */,
				04276DFF2115E33C00978767 /* Release */,
			);
			defaultConfigurationIsVisible = 0;
			defaultConfigurationName = Release;
		};
		04276E002115E33C00978767 /* Build configuration list for PBXNativeTarget "uberriderUITests" */ = {
			isa = XCConfigurationList;
			buildConfigurations = (
				04276E012115E33C00978767 /* Debug */,
				04276E022115E33C00978767 /* Release */,
			);
			defaultConfigurationIsVisible = 0;
			defaultConfigurationName = Release;
		};
/* End XCConfigurationList section */
	};
	rootObject = 04276DCA2115E33300978767 /* Project object */;
}
